
Microsoft Visual Studio Solution File, Format Version 12.00
# Visual Studio Version 16
VisualStudioVersion = 16.0.31829.152
MinimumVisualStudioVersion = 10.0.40219.1
Project("{2150E333-8FDC-42A3-9474-1A3956D46DE8}") = "services", "services", "{D956E46A-B94D-43FA-8CE4-4EC77987F3E6}"
EndProject
Project("{2150E333-8FDC-42A3-9474-1A3956D46DE8}") = "Catalog", "Catalog", "{D3D3653C-0EC2-42FC-B144-DDF55E10DA06}"
EndProject
Project("{FAE04EC0-301F-11D3-BF4B-00C04F79EFBC}") = "Catalog.API", "Services\Catalog\Catalog.API\Catalog.API.csproj", "{DC8E3D69-1716-4CDD-92A1-5350866463E6}"
EndProject
Global
	GlobalSection(SolutionConfigurationPlatforms) = preSolution
		Debug|Any CPU = Debug|Any CPU
		Release|Any CPU = Release|Any CPU
	EndGlobalSection
	GlobalSection(ProjectConfigurationPlatforms) = postSolution
		{DC8E3D69-1716-4CDD-92A1-5350866463E6}.Debug|Any CPU.ActiveCfg = Debug|Any CPU
		{DC8E3D69-1716-4CDD-92A1-5350866463E6}.Debug|Any CPU.Build.0 = Debug|Any CPU
		{DC8E3D69-1716-4CDD-92A1-5350866463E6}.Release|Any CPU.ActiveCfg = Release|Any CPU
		{DC8E3D69-1716-4CDD-92A1-5350866463E6}.Release|Any CPU.Build.0 = Release|Any CPU
	EndGlobalSection
	GlobalSection(SolutionProperties) = preSolution
		HideSolutionNode = FALSE
	EndGlobalSection
	GlobalSection(NestedProjects) = preSolution
		{D3D3653C-0EC2-42FC-B144-DDF55E10DA06} = {D956E46A-B94D-43FA-8CE4-4EC77987F3E6}
		{DC8E3D69-1716-4CDD-92A1-5350866463E6} = {D3D3653C-0EC2-42FC-B144-DDF55E10DA06}
	EndGlobalSection
	GlobalSection(ExtensibilityGlobals) = postSolution
		SolutionGuid = {6DB3B8C0-979D-421A-A068-8B2F11E2AB1B}
	EndGlobalSection
EndGlobal
